
Microsoft Visual Studio Solution File, Format Version 12.00
# Visual Studio Version 17
VisualStudioVersion = 17.4.33103.184
MinimumVisualStudioVersion = 10.0.40219.1
Project("{9A19103F-16F7-4668-BE54-9A1E7A4F7556}") = "BiceAPI", "BiceAPI.csproj", "{1D34CE8B-0E9F-45B7-8799-0EA46398DEE4}"
EndProject
Project("{9A19103F-16F7-4668-BE54-9A1E7A4F7556}") = "BICE.BLL", "..\BICE.BLL\BICE.BLL.csproj", "{82CCB2C0-12C9-472B-BDBA-0B09ADF1282B}"
EndProject
Project("{9A19103F-16F7-4668-BE54-9A1E7A4F7556}") = "BICE.DAL", "..\BICE.DAL\BICE.DAL.csproj", "{404BE512-C64A-4160-B3F7-08B09506727F}"
EndProject
Project("{9A19103F-16F7-4668-BE54-9A1E7A4F7556}") = "BICE.SRV", "..\BICE.SRV\BICE.SRV.csproj", "{703A10CC-2437-46EE-BBF3-7DCDB694F944}"
EndProject
Global
	GlobalSection(SolutionConfigurationPlatforms) = preSolution
		Debug|Any CPU = Debug|Any CPU
		Release|Any CPU = Release|Any CPU
	EndGlobalSection
	GlobalSection(ProjectConfigurationPlatforms) = postSolution
		{1D34CE8B-0E9F-45B7-8799-0EA46398DEE4}.Debug|Any CPU.ActiveCfg = Debug|Any CPU
		{1D34CE8B-0E9F-45B7-8799-0EA46398DEE4}.Debug|Any CPU.Build.0 = Debug|Any CPU
		{1D34CE8B-0E9F-45B7-8799-0EA46398DEE4}.Release|Any CPU.ActiveCfg = Release|Any CPU
		{1D34CE8B-0E9F-45B7-8799-0EA46398DEE4}.Release|Any CPU.Build.0 = Release|Any CPU
		{82CCB2C0-12C9-472B-BDBA-0B09ADF1282B}.Debug|Any CPU.ActiveCfg = Debug|Any CPU
		{82CCB2C0-12C9-472B-BDBA-0B09ADF1282B}.Debug|Any CPU.Build.0 = Debug|Any CPU
		{82CCB2C0-12C9-472B-BDBA-0B09ADF1282B}.Release|Any CPU.ActiveCfg = Release|Any CPU
		{82CCB2C0-12C9-472B-BDBA-0B09ADF1282B}.Release|Any CPU.Build.0 = Release|Any CPU
		{404BE512-C64A-4160-B3F7-08B09506727F}.Debug|Any CPU.ActiveCfg = Debug|Any CPU
		{404BE512-C64A-4160-B3F7-08B09506727F}.Debug|Any CPU.Build.0 = Debug|Any CPU
		{404BE512-C64A-4160-B3F7-08B09506727F}.Release|Any CPU.ActiveCfg = Release|Any CPU
		{404BE512-C64A-4160-B3F7-08B09506727F}.Release|Any CPU.Build.0 = Release|Any CPU
		{703A10CC-2437-46EE-BBF3-7DCDB694F944}.Debug|Any CPU.ActiveCfg = Debug|Any CPU
		{703A10CC-2437-46EE-BBF3-7DCDB694F944}.Debug|Any CPU.Build.0 = Debug|Any CPU
		{703A10CC-2437-46EE-BBF3-7DCDB694F944}.Release|Any CPU.ActiveCfg = Release|Any CPU
		{703A10CC-2437-46EE-BBF3-7DCDB694F944}.Release|Any CPU.Build.0 = Release|Any CPU
	EndGlobalSection
	GlobalSection(SolutionProperties) = preSolution
		HideSolutionNode = FALSE
	EndGlobalSection
	GlobalSection(ExtensibilityGlobals) = postSolution
		SolutionGuid = {08167348-7E7A-4D3A-8B53-29762D8929FB}
	EndGlobalSection
EndGlobal
